
Microsoft Visual Studio Solution File, Format Version 12.00
# Visual Studio Version 17
VisualStudioVersion = 17.4.33110.190
MinimumVisualStudioVersion = 10.0.40219.1
Project("{9A19103F-16F7-4668-BE54-9A1E7A4F7556}") = "advent-of-code", "console\advent-of-code.csproj", "{E968AFA5-F2CE-4AED-8DE2-F75C89DB247F}"
EndProject
Project("{9A19103F-16F7-4668-BE54-9A1E7A4F7556}") = "test", "test\test.csproj", "{E484F26C-2EBA-438E-8620-44B8C4E13F09}"
EndProject
Global
	GlobalSection(SolutionConfigurationPlatforms) = preSolution
		Debug|Any CPU = Debug|Any CPU
		Release|Any CPU = Release|Any CPU
	EndGlobalSection
	GlobalSection(ProjectConfigurationPlatforms) = postSolution
		{E968AFA5-F2CE-4AED-8DE2-F75C89DB247F}.Debug|Any CPU.ActiveCfg = Debug|Any CPU
		{E968AFA5-F2CE-4AED-8DE2-F75C89DB247F}.Debug|Any CPU.Build.0 = Debug|Any CPU
		{E968AFA5-F2CE-4AED-8DE2-F75C89DB247F}.Release|Any CPU.ActiveCfg = Release|Any CPU
		{E968AFA5-F2CE-4AED-8DE2-F75C89DB247F}.Release|Any CPU.Build.0 = Release|Any CPU
		{E484F26C-2EBA-438E-8620-44B8C4E13F09}.Debug|Any CPU.ActiveCfg = Debug|Any CPU
		{E484F26C-2EBA-438E-8620-44B8C4E13F09}.Debug|Any CPU.Build.0 = Debug|Any CPU
		{E484F26C-2EBA-438E-8620-44B8C4E13F09}.Release|Any CPU.ActiveCfg = Release|Any CPU
		{E484F26C-2EBA-438E-8620-44B8C4E13F09}.Release|Any CPU.Build.0 = Release|Any CPU
	EndGlobalSection
	GlobalSection(SolutionProperties) = preSolution
		HideSolutionNode = FALSE
	EndGlobalSection
	GlobalSection(ExtensibilityGlobals) = postSolution
		SolutionGuid = {5771A9C2-0183-49F1-B8D5-A84AC0BB7EB9}
	EndGlobalSection
EndGlobal
